lockfileVersion: '9.0'

settings:
  autoInstallPeers: true
  excludeLinksFromLockfile: false

importers:

  .:
    dependencies:
      portless:
        specifier: 0.15.6
        version: 0.15.6

packages:

  portless@0.15.6:
    resolution: {integrity: sha512-uOAwWLF32rmyEGFASzSO0VOaqb/AQxFCCzyZbPGd82UNNOfIEvc09zy92nroNibE5HNfzV4oVB0ObKbPXgkM9A==}
    engines: {node: '>=24'}
    os: [darwin, linux, win32]
    hasBin: true

snapshots:

  portless@0.15.6: {}
